
Microsoft Visual Studio Solution File, Format Version 12.00
# Visual Studio 14
VisualStudioVersion = 14.0.25420.1
MinimumVisualStudioVersion = 10.0.40219.1
Project("{FAE04EC0-301F-11D3-BF4B-00C04F79EFBC}") = "ProyectoCalculadora", "ProyectoCalculadora\ProyectoCalculadora.csproj", "{84256EBE-D4B3-41A2-84B7-40C89B9D1DE7}"
EndProject
Project("{FAE04EC0-301F-11D3-BF4B-00C04F79EFBC}") = "NUnit-ProyectoCalculadora", "NUnit-ProyectoCalculadora\NUnit-ProyectoCalculadora.csproj", "{1AB5D5BB-7D82-460C-86A7-B60505DD8F6A}"
EndProject
Global
	GlobalSection(SolutionConfigurationPlatforms) = preSolution
		Debug|Any CPU = Debug|Any CPU
		Release|Any CPU = Release|Any CPU
	EndGlobalSection
	GlobalSection(ProjectConfigurationPlatforms) = postSolution
		{84256EBE-D4B3-41A2-84B7-40C89B9D1DE7}.Debug|Any CPU.ActiveCfg = Debug|Any CPU
		{84256EBE-D4B3-41A2-84B7-40C89B9D1DE7}.Debug|Any CPU.Build.0 = Debug|Any CPU
		{84256EBE-D4B3-41A2-84B7-40C89B9D1DE7}.Release|Any CPU.ActiveCfg = Release|Any CPU
		{84256EBE-D4B3-41A2-84B7-40C89B9D1DE7}.Release|Any CPU.Build.0 = Release|Any CPU
		{1AB5D5BB-7D82-460C-86A7-B60505DD8F6A}.Debug|Any CPU.ActiveCfg = Debug|Any CPU
		{1AB5D5BB-7D82-460C-86A7-B60505DD8F6A}.Debug|Any CPU.Build.0 = Debug|Any CPU
		{1AB5D5BB-7D82-460C-86A7-B60505DD8F6A}.Release|Any CPU.ActiveCfg = Release|Any CPU
		{1AB5D5BB-7D82-460C-86A7-B60505DD8F6A}.Release|Any CPU.Build.0 = Release|Any CPU
	EndGlobalSection
	GlobalSection(SolutionProperties) = preSolution
		HideSolutionNode = FALSE
	EndGlobalSection
EndGlobal
